
Microsoft Visual Studio Solution File, Format Version 12.00
# Visual Studio Version 17
VisualStudioVersion = 17.8.34330.188
MinimumVisualStudioVersion = 10.0.40219.1
Project("{FAE04EC0-301F-11D3-BF4B-00C04F79EFBC}") = "EnglishLevelAssessment", "EnglishLevelAssessment\EnglishLevelAssessment.csproj", "{BB1B7119-E409-4FCC-B5BE-9DA74C207DD6}"
EndProject
Global
	GlobalSection(SolutionConfigurationPlatforms) = preSolution
		Debug|Any CPU = Debug|Any CPU
		Release|Any CPU = Release|Any CPU
	EndGlobalSection
	GlobalSection(ProjectConfigurationPlatforms) = postSolution
		{BB1B7119-E409-4FCC-B5BE-9DA74C207DD6}.Debug|Any CPU.ActiveCfg = Debug|Any CPU
		{BB1B7119-E409-4FCC-B5BE-9DA74C207DD6}.Debug|Any CPU.Build.0 = Debug|Any CPU
		{BB1B7119-E409-4FCC-B5BE-9DA74C207DD6}.Release|Any CPU.ActiveCfg = Release|Any CPU
		{BB1B7119-E409-4FCC-B5BE-9DA74C207DD6}.Release|Any CPU.Build.0 = Release|Any CPU
	EndGlobalSection
	GlobalSection(SolutionProperties) = preSolution
		HideSolutionNode = FALSE
	EndGlobalSection
	GlobalSection(ExtensibilityGlobals) = postSolution
		SolutionGuid = {13E1A097-2E00-4979-80FD-B132CAB3DEC5}
	EndGlobalSection
EndGlobal
